// !$*UTF8*$!
{
	archiveVersion = 1;
	classes = {
	};
	objectVersion = 48;
	objects = {

/* Begin PBXBuildFile section */
		FE3357F520768D1A0054CDA7 /* ViewController.m in Sources */ = {isa = PBXBuildFile; fileRef = FE3357E720768D190054CDA7 /* ViewController.m */; };
		FE3357F620768D1A0054CDA7 /* Info.plist in Resources */ = {isa = PBXBuildFile; fileRef = FE3357E820768D190054CDA7 /* Info.plist */; };
		FE3357F720768D1A0054CDA7 /* TTFeedbackViewController.m in Sources */ = {isa = PBXBuildFile; fileRef = FE3357E920768D1A0054CDA7 /* TTFeedbackViewController.m */; };
		FE3357FA20768D1A0054CDA7 /* AppDelegate.m in Sources */ = {isa = PBXBuildFile; fileRef = FE3357F220768D1A0054CDA7 /* AppDelegate.m */; };
		FE3357FB20768D1A0054CDA7 /* Assets.xcassets in Resources */ = {isa = PBXBuildFile; fileRef = FE3357F320768D1A0054CDA7 /* Assets.xcassets */; };
		FE3357FC20768D1A0054CDA7 /* main.m in Sources */ = {isa = PBXBuildFile; fileRef = FE3357F420768D1A0054CDA7 /* main.m */; };
		FE33580120768D320054CDA7 /* LaunchScreen.storyboard in Resources */ = {isa = PBXBuildFile; fileRef = FE3357FD20768D320054CDA7 /* LaunchScreen.storyboard */; };
		FE33580220768D320054CDA7 /* Main.storyboard in Resources */ = {isa = PBXBuildFile; fileRef = FE3357FF20768D320054CDA7 /* Main.storyboard */; };
/* End PBXBuildFile section */

/* Begin PBXFileReference section */
		FE3357CB20768AB40054CDA7 /* TTFeedback.app */ = {isa = PBXFileReference; explicitFileType = wrapper.application; includeInIndex = 0; path = TTFeedback.app; sourceTree = BUILT_PRODUCTS_DIR; };
		FE3357E720768D190054CDA7 /* ViewController.m */ = {isa = PBXFileReference; fileEncoding = 4; lastKnownFileType = sourcecode.c.objc; path = ViewController.m; sourceTree = "<group>"; };
		FE3357E820768D190054CDA7 /* Info.plist */ = {isa = PBXFileReference; fileEncoding = 4; lastKnownFileType = text.plist.xml; path = Info.plist; sourceTree = "<group>"; };
		FE3357E920768D1A0054CDA7 /* TTFeedbackViewController.m */ = {isa = PBXFileReference; fileEncoding = 4; lastKnownFileType = sourcecode.c.objc; path = TTFeedbackViewController.m; sourceTree = "<group>"; };
		FE3357EF20768D1A0054CDA7 /* AppDelegate.h */ = {isa = PBXFileReference; fileEncoding = 4; lastKnownFileType = sourcecode.c.h; path = AppDelegate.h; sourceTree = "<group>"; };
		FE3357F020768D1A0054CDA7 /* TTFeedbackViewController.h */ = {isa = PBXFileReference; fileEncoding = 4; lastKnownFileType = sourcecode.c.h; path = TTFeedbackViewController.h; sourceTree = "<group>"; };
		FE3357F120768D1A0054CDA7 /* ViewController.h */ = {isa = PBXFileReference; fileEncoding = 4; lastKnownFileType = sourcecode.c.h; path = ViewController.h; sourceTree = "<group>"; };
		FE3357F220768D1A0054CDA7 /* AppDelegate.m */ = {isa = PBXFileReference; fileEncoding = 4; lastKnownFileType = sourcecode.c.objc; path = AppDelegate.m; sourceTree = "<group>"; };
		FE3357F320768D1A0054CDA7 /* Assets.xcassets */ = {isa = PBXFileReference; lastKnownFileType = folder.assetcatalog; path = Assets.xcassets; sourceTree = "<group>"; };
		FE3357F420768D1A0054CDA7 /* main.m */ = {isa = PBXFileReference; fileEncoding = 4; lastKnownFileType = sourcecode.c.objc; path = main.m; sourceTree = "<group>"; };
		FE3357FE20768D320054CDA7 /* Base */ = {isa = PBXFileReference; lastKnownFileType = file.storyboard; name = Base; path = Base.lproj/LaunchScreen.storyboard; sourceTree = "<group>"; };
		FE33580020768D320054CDA7 /* Base */ = {isa = PBXFileReference; lastKnownFileType = file.storyboard; name = Base; path = Base.lproj/Main.storyboard; sourceTree = "<group>"; };
/* End PBXFileReference section */

/* Begin PBXFrameworksBuildPhase section */
		FE3357C820768AB40054CDA7 /* Frameworks */ = {
			isa = PBXFrameworksBuildPhase;
			buildActionMask = 2147483647;
			files = (
			);
			runOnlyForDeploymentPostprocessing = 0;
		};
/* End PBXFrameworksBuildPhase section */

/* Begin PBXGroup section */
		FE3357C220768AB40054CDA7 = {
			isa = PBXGroup;
			children = (
				FE3357FD20768D320054CDA7 /* LaunchScreen.storyboard */,
				FE3357FF20768D320054CDA7 /* Main.storyboard */,
				FE3357F320768D1A0054CDA7 /* Assets.xcassets */,
				FE3357E820768D190054CDA7 /* Info.plist */,
				FE3357F420768D1A0054CDA7 /* main.m */,
				FE3357EF20768D1A0054CDA7 /* AppDelegate.h */,
				FE3357F220768D1A0054CDA7 /* AppDelegate.m */,
				FE3357F120768D1A0054CDA7 /* ViewController.h */,
				FE3357E720768D190054CDA7 /* ViewController.m */,
				FE3357F020768D1A0054CDA7 /* TTFeedbackViewController.h */,
				FE3357E920768D1A0054CDA7 /* TTFeedbackViewController.m */,
				FE3357CC20768AB40054CDA7 /* Products */,
			);
			sourceTree = "<group>";
		};
		FE3357CC20768AB40054CDA7 /* Products */ = {
			isa = PBXGroup;
			children = (
				FE3357CB20768AB40054CDA7 /* TTFeedback.app */,
			);
			name = Products;
			sourceTree = "<group>";
		};
/* End PBXGroup section */

/* Begin PBXNativeTarget section */
		FE3357CA20768AB40054CDA7 /* TTFeedback */ = {
			isa = PBXNativeTarget;
			buildConfigurationList = FE3357E120768AB40054CDA7 /* Build configuration list for PBXNativeTarget "TTFeedback" */;
			buildPhases = (
				FE3357C720768AB40054CDA7 /* Sources */,
				FE3357C820768AB40054CDA7 /* Frameworks */,
				FE3357C920768AB40054CDA7 /* Resources */,
			);
			buildRules = (
			);
			dependencies = (
			);
			name = TTFeedback;
			productName = TTFeedback;
			productReference = FE3357CB20768AB40054CDA7 /* TTFeedback.app */;
			productType = "com.apple.product-type.application";
		};
/* End PBXNativeTarget section */

/* Begin PBXProject section */
		FE3357C320768AB40054CDA7 /* Project object */ = {
			isa = PBXProject;
			attributes = {
				LastUpgradeCheck = 0920;
				ORGANIZATIONNAME = Jash;
				TargetAttributes = {
					FE3357CA20768AB40054CDA7 = {
						CreatedOnToolsVersion = 9.2;
						ProvisioningStyle = Automatic;
					};
				};
			};
			buildConfigurationList = FE3357C620768AB40054CDA7 /* Build configuration list for PBXProject "TTFeedback" */;
			compatibilityVersion = "Xcode 8.0";
			developmentRegion = en;
			hasScannedForEncodings = 0;
			knownRegions = (
				en,
				Base,
			);
			mainGroup = FE3357C220768AB40054CDA7;
			productRefGroup = FE3357CC20768AB40054CDA7 /* Products */;
			projectDirPath = "";
			projectRoot = "";
			targets = (
				FE3357CA20768AB40054CDA7 /* TTFeedback */,
			);
		};
/* End PBXProject section */

/* Begin PBXResourcesBuildPhase section */
		FE3357C920768AB40054CDA7 /* Resources */ = {
			isa = PBXResourcesBuildPhase;
			buildActionMask = 2147483647;
			files = (
				FE33580120768D320054CDA7 /* LaunchScreen.storyboard in Resources */,
				FE3357F620768D1A0054CDA7 /* Info.plist in Resources */,
				FE3357FB20768D1A0054CDA7 /* Assets.xcassets in Resources */,
				FE33580220768D320054CDA7 /* Main.storyboard in Resources */,
			);
			runOnlyForDeploymentPostprocessing = 0;
		};
/* End PBXResourcesBuildPhase section */

/* Begin PBXSourcesBuildPhase section */
		FE3357C720768AB40054CDA7 /* Sources */ = {
			isa = PBXSourcesBuildPhase;
			buildActionMask = 2147483647;
			files = (
				FE3357F520768D1A0054CDA7 /* ViewController.m in Sources */,
				FE3357F720768D1A0054CDA7 /* TTFeedbackViewController.m in Sources */,
				FE3357FC20768D1A0054CDA7 /* main.m in Sources */,
				FE3357FA20768D1A0054CDA7 /* AppDelegate.m in Sources */,
			);
			runOnlyForDeploymentPostprocessing = 0;
		};
/* End PBXSourcesBuildPhase section */

/* Begin PBXVariantGroup section */
		FE3357FD20768D320054CDA7 /* LaunchScreen.storyboard */ = {
			isa = PBXVariantGroup;
			children = (
				FE3357FE20768D320054CDA7 /* Base */,
			);
			name = LaunchScreen.storyboard;
			sourceTree = "<group>";
		};
		FE3357FF20768D320054CDA7 /* Main.storyboard */ = {
			isa = PBXVariantGroup;
			children = (
				FE33580020768D320054CDA7 /* Base */,
			);
			name = Main.storyboard;
			sourceTree = "<group>";
		};
/* End PBXVariantGroup section */

/* Begin XCBuildConfiguration section */
		FE3357DF20768AB40054CDA7 /* Debug */ = {
			isa = XCBuildConfiguration;
			buildSettings = {
				ALWAYS_SEARCH_USER_PATHS = NO;
				CLANG_ANALYZER_NONNULL = YES;
				CLANG_ANALYZER_NUMBER_OBJECT_CONVERSION = YES_AGGRESSIVE;
				CLANG_CXX_LANGUAGE_STANDARD = "gnu++14";
				CLANG_CXX_LIBRARY = "libc++";
				CLANG_ENABLE_MODULES = YES;
				CLANG_ENABLE_OBJC_ARC = YES;
				CLANG_WARN_BLOCK_CAPTURE_AUTORELEASING = YES;
				CLANG_WARN_BOOL_CONVERSION = YES;
				CLANG_WARN_COMMA = YES;
				CLANG_WARN_CONSTANT_CONVERSION = YES;
				CLANG_WARN_DIRECT_OBJC_ISA_USAGE = YES_ERROR;
				CLANG_WARN_DOCUMENTATION_COMMENTS = YES;
				CLANG_WARN_EMPTY_BODY = YES;
				CLANG_WARN_ENUM_CONVERSION = YES;
				CLANG_WARN_INFINITE_RECURSION = YES;
				CLANG_WARN_INT_CONVERSION = YES;
				CLANG_WARN_NON_LITERAL_NULL_CONVERSION = YES;
				CLANG_WARN_OBJC_LITERAL_CONVERSION = YES;
				CLANG_WARN_OBJC_ROOT_CLASS = YES_ERROR;
				CLANG_WARN_RANGE_LOOP_ANALYSIS = YES;
				CLANG_WARN_STRICT_PROTOTYPES = YES;
				CLANG_WARN_SUSPICIOUS_MOVE = YES;
				CLANG_WARN_UNGUARDED_AVAILABILITY = YES_AGGRESSIVE;
				CLANG_WARN_UNREACHABLE_CODE = YES;
				CLANG_WARN__DUPLICATE_METHOD_MATCH = YES;
				CODE_SIGN_IDENTITY = "iPhone Developer";
				COPY_PHASE_STRIP = NO;
				DEBUG_INFORMATION_FORMAT = dwarf;
				ENABLE_STRICT_OBJC_MSGSEND = YES;
				ENABLE_TESTABILITY = YES;
				GCC_C_LANGUAGE_STANDARD = gnu11;
				GCC_DYNAMIC_NO_PIC = NO;
				GCC_NO_COMMON_BLOCKS = YES;
				GCC_OPTIMIZATION_LEVEL = 0;
				GCC_PREPROCESSOR_DEFINITIONS = (
					"DEBUG=1",
					"$(inherited)",
				);
				GCC_WARN_64_TO_32_BIT_CONVERSION = YES;
				GCC_WARN_ABOUT_RETURN_TYPE = YES_ERROR;
				GCC_WARN_UNDECLARED_SELECTOR = YES;
				GCC_WARN_UNINITIALIZED_AUTOS = YES_AGGRESSIVE;
				GCC_WARN_UNUSED_FUNCTION = YES;
				GCC_WARN_UNUSED_VARIABLE = YES;
				IPHONEOS_DEPLOYMENT_TARGET = 11.2;
				MTL_ENABLE_DEBUG_INFO = YES;
				ONLY_ACTIVE_ARCH = YES;
				SDKROOT = iphoneos;
			};
			name = Debug;
		};
		FE3357E020768AB40054CDA7 /* Release */ = {
			isa = XCBuildConfiguration;
			buildSettings = {
				ALWAYS_SEARCH_USER_PATHS = NO;
				CLANG_ANALYZER_NONNULL = YES;
				CLANG_ANALYZER_NUMBER_OBJECT_CONVERSION = YES_AGGRESSIVE;
				CLANG_CXX_LANGUAGE_STANDARD = "gnu++14";
				CLANG_CXX_LIBRARY = "libc++";
				CLANG_ENABLE_MODULES = YES;
				CLANG_ENABLE_OBJC_ARC = YES;
				CLANG_WARN_BLOCK_CAPTURE_AUTORELEASING = YES;
				CLANG_WARN_BOOL_CONVERSION = YES;
				CLANG_WARN_COMMA = YES;
				CLANG_WARN_CONSTANT_CONVERSION = YES;
				CLANG_WARN_DIRECT_OBJC_ISA_USAGE = YES_ERROR;
				CLANG_WARN_DOCUMENTATION_COMMENTS = YES;
				CLANG_WARN_EMPTY_BODY = YES;
				CLANG_WARN_ENUM_CONVERSION = YES;
				CLANG_WARN_INFINITE_RECURSION = YES;
				CLANG_WARN_INT_CONVERSION = YES;
				CLANG_WARN_NON_LITERAL_NULL_CONVERSION = YES;
				CLANG_WARN_OBJC_LITERAL_CONVERSION = YES;
				CLANG_WARN_OBJC_ROOT_CLASS = YES_ERROR;
				CLANG_WARN_RANGE_LOOP_ANALYSIS = YES;
				CLANG_WARN_STRICT_PROTOTYPES = YES;
				CLANG_WARN_SUSPICIOUS_MOVE = YES;
				CLANG_WARN_UNGUARDED_AVAILABILITY = YES_AGGRESSIVE;
				CLANG_WARN_UNREACHABLE_CODE = YES;
				CLANG_WARN__DUPLICATE_METHOD_MATCH = YES;
				CODE_SIGN_IDENTITY = "iPhone Developer";
				COPY_PHASE_STRIP = NO;
				DEBUG_INFORMATION_FORMAT = "dwarf-with-dsym";
				ENABLE_NS_ASSERTIONS = NO;
				ENABLE_STRICT_OBJC_MSGSEND = YES;
				GCC_C_LANGUAGE_STANDARD = gnu11;
				GCC_NO_COMMON_BLOCKS = YES;
				GCC_WARN_64_TO_32_BIT_CONVERSION = YES;
				GCC_WARN_ABOUT_RETURN_TYPE = YES_ERROR;
				GCC_WARN_UNDECLARED_SELECTOR = YES;
				GCC_WARN_UNINITIALIZED_AUTOS = YES_AGGRESSIVE;
				GCC_WARN_UNUSED_FUNCTION = YES;
				GCC_WARN_UNUSED_VARIABLE = YES;
				IPHONEOS_DEPLOYMENT_TARGET = 11.2;
				MTL_ENABLE_DEBUG_INFO = NO;
				SDKROOT = iphoneos;
				VALIDATE_PRODUCT = YES;
			};
			name = Release;
		};
		FE3357E220768AB40054CDA7 /* Debug */ = {
			isa = XCBuildConfiguration;
			buildSettings = {
				ASSETCATALOG_COMPILER_APPICON_NAME = AppIcon;
				CODE_SIGN_STYLE = Automatic;
				DEVELOPMENT_TEAM = 8X43M95KKS;
				INFOPLIST_FILE = Info.plist;
				LD_RUNPATH_SEARCH_PATHS = "$(inherited) @executable_path/Frameworks";
				PRODUCT_BUNDLE_IDENTIFIER = Jash.TTFeedback;
				PRODUCT_NAME = "$(TARGET_NAME)";
				TARGETED_DEVICE_FAMILY = "1,2";
			};
			name = Debug;
		};
		FE3357E320768AB40054CDA7 /* Release */ = {
			isa = XCBuildConfiguration;
			buildSettings = {
				ASSETCATALOG_COMPILER_APPICON_NAME = AppIcon;
				CODE_SIGN_STYLE = Automatic;
				DEVELOPMENT_TEAM = 8X43M95KKS;
				INFOPLIST_FILE = Info.plist;
				LD_RUNPATH_SEARCH_PATHS = "$(inherited) @executable_path/Frameworks";
				PRODUCT_BUNDLE_IDENTIFIER = Jash.TTFeedback;
				PRODUCT_NAME = "$(TARGET_NAME)";
				TARGETED_DEVICE_FAMILY = "1,2";
			};
			name = Release;
		};
/* End XCBuildConfiguration section */

/* Begin XCConfigurationList section */
		FE3357C620768AB40054CDA7 /* Build configuration list for PBXProject "TTFeedback" */ = {
			isa = XCConfigurationList;
			buildConfigurations = (
				FE3357DF20768AB40054CDA7 /* Debug */,
				FE3357E020768AB40054CDA7 /* Release */,
			);
			defaultConfigurationIsVisible = 0;
			defaultConfigurationName = Release;
		};
		FE3357E120768AB40054CDA7 /* Build configuration list for PBXNativeTarget "TTFeedback" */ = {
			isa = XCConfigurationList;
			buildConfigurations = (
				FE3357E220768AB40054CDA7 /* Debug */,
				FE3357E320768AB40054CDA7 /* Release */,
			);
			defaultConfigurationIsVisible = 0;
			defaultConfigurationName = Release;
		};
/* End XCConfigurationList section */
	};
	rootObject = FE3357C320768AB40054CDA7 /* Project object */;
}
